
Microsoft Visual Studio Solution File, Format Version 12.00
# Visual Studio Version 16
VisualStudioVersion = 16.0.28729.10
MinimumVisualStudioVersion = 10.0.40219.1
Project("{FAE04EC0-301F-11D3-BF4B-00C04F79EFBC}") = "MiniCMS", "MiniCMS\MiniCMS.csproj", "{AC0C8779-20F1-461A-888E-E4D53FC9BA01}"
EndProject
Global
	GlobalSection(SolutionConfigurationPlatforms) = preSolution
		Debug|Any CPU = Debug|Any CPU
		Release|Any CPU = Release|Any CPU
	EndGlobalSection
	GlobalSection(ProjectConfigurationPlatforms) = postSolution
		{AC0C8779-20F1-461A-888E-E4D53FC9BA01}.Debug|Any CPU.ActiveCfg = Debug|Any CPU
		{AC0C8779-20F1-461A-888E-E4D53FC9BA01}.Debug|Any CPU.Build.0 = Debug|Any CPU
		{AC0C8779-20F1-461A-888E-E4D53FC9BA01}.Release|Any CPU.ActiveCfg = Release|Any CPU
		{AC0C8779-20F1-461A-888E-E4D53FC9BA01}.Release|Any CPU.Build.0 = Release|Any CPU
	EndGlobalSection
	GlobalSection(SolutionProperties) = preSolution
		HideSolutionNode = FALSE
	EndGlobalSection
	GlobalSection(ExtensibilityGlobals) = postSolution
		SolutionGuid = {BC48255D-1BD3-4CCB-9E5F-FC448F6D24C4}
	EndGlobalSection
EndGlobal
